
Microsoft Visual Studio Solution File, Format Version 12.00
# Visual Studio Version 16
VisualStudioVersion = 16.0.30711.63
MinimumVisualStudioVersion = 10.0.40219.1
Project("{FAE04EC0-301F-11D3-BF4B-00C04F79EFBC}") = "CloudFinal", "CloudFinal\CloudFinal.csproj", "{8F5FA87F-BCF7-4539-8B13-484A3F413773}"
EndProject
Global
	GlobalSection(SolutionConfigurationPlatforms) = preSolution
		Debug|Any CPU = Debug|Any CPU
		Release|Any CPU = Release|Any CPU
	EndGlobalSection
	GlobalSection(ProjectConfigurationPlatforms) = postSolution
		{8F5FA87F-BCF7-4539-8B13-484A3F413773}.Debug|Any CPU.ActiveCfg = Debug|Any CPU
		{8F5FA87F-BCF7-4539-8B13-484A3F413773}.Debug|Any CPU.Build.0 = Debug|Any CPU
		{8F5FA87F-BCF7-4539-8B13-484A3F413773}.Release|Any CPU.ActiveCfg = Release|Any CPU
		{8F5FA87F-BCF7-4539-8B13-484A3F413773}.Release|Any CPU.Build.0 = Release|Any CPU
	EndGlobalSection
	GlobalSection(SolutionProperties) = preSolution
		HideSolutionNode = FALSE
	EndGlobalSection
	GlobalSection(ExtensibilityGlobals) = postSolution
		SolutionGuid = {F95DF270-06FF-4A89-A8B6-01BB084EE406}
	EndGlobalSection
EndGlobal
